%{
  "jason": {:hex, :jason, "1.2.1", "12b22825e22f468c02eb3e4b9985f3d0cb8dc40b9bd704730efa11abd2708c44", [:mix], [{:decimal, "~> 1.0", [hex: :decimal, repo: "hexpm", optional: true]}], "hexpm", "b659b8571deedf60f79c5a608e15414085fa141344e2716fbd6988a084b5f993"},
  "websockex": {:hex, :websockex, "0.4.2", "9a3b7dc25655517ecd3f8ff7109a77fce94956096b942836cdcfbc7c86603ecc", [:mix], [], "hexpm", "803cd76e91544b56f0e655e36790be797fa6436db9224f7c303db9b9df2a3df4"},
}
